
Microsoft Visual Studio Solution File, Format Version 12.00
# Visual Studio 15
VisualStudioVersion = 15.0.28307.136
MinimumVisualStudioVersion = 10.0.40219.1
Project("{9A19103F-16F7-4668-BE54-9A1E7A4F7556}") = "Dfc.ProviderPortal.CourseText.API", "src\Dfc.ProviderPortal.CourseText.API\Dfc.ProviderPortal.CourseText.API.csproj", "{2F99750E-4029-4C33-82CC-EBF1713B6D32}"
EndProject
Project("{FAE04EC0-301F-11D3-BF4B-00C04F79EFBC}") = "Dfc.ProviderPortal.CourseText", "Dfc.ProviderPortal.CourseText\Dfc.ProviderPortal.CourseText.csproj", "{F9A8B26A-33B8-45C7-BEE8-8F5CF731E8D1}"
EndProject
Global
	GlobalSection(SolutionConfigurationPlatforms) = preSolution
		Debug|Any CPU = Debug|Any CPU
		Release|Any CPU = Release|Any CPU
	EndGlobalSection
	GlobalSection(ProjectConfigurationPlatforms) = postSolution
		{2F99750E-4029-4C33-82CC-EBF1713B6D32}.Debug|Any CPU.ActiveCfg = Debug|Any CPU
		{2F99750E-4029-4C33-82CC-EBF1713B6D32}.Debug|Any CPU.Build.0 = Debug|Any CPU
		{2F99750E-4029-4C33-82CC-EBF1713B6D32}.Release|Any CPU.ActiveCfg = Release|Any CPU
		{2F99750E-4029-4C33-82CC-EBF1713B6D32}.Release|Any CPU.Build.0 = Release|Any CPU
		{F9A8B26A-33B8-45C7-BEE8-8F5CF731E8D1}.Debug|Any CPU.ActiveCfg = Debug|Any CPU
		{F9A8B26A-33B8-45C7-BEE8-8F5CF731E8D1}.Debug|Any CPU.Build.0 = Debug|Any CPU
		{F9A8B26A-33B8-45C7-BEE8-8F5CF731E8D1}.Release|Any CPU.ActiveCfg = Release|Any CPU
		{F9A8B26A-33B8-45C7-BEE8-8F5CF731E8D1}.Release|Any CPU.Build.0 = Release|Any CPU
	EndGlobalSection
	GlobalSection(SolutionProperties) = preSolution
		HideSolutionNode = FALSE
	EndGlobalSection
	GlobalSection(ExtensibilityGlobals) = postSolution
		SolutionGuid = {E64FBC56-7030-4A4D-AAAA-D097206E2958}
	EndGlobalSection
EndGlobal
