
Microsoft Visual Studio Solution File, Format Version 12.00
# Visual Studio 15
VisualStudioVersion = 15.0.28307.136
MinimumVisualStudioVersion = 10.0.40219.1
Project("{FAE04EC0-301F-11D3-BF4B-00C04F79EFBC}") = "Dfc.ProviderPortal.CourseText", "src\Dfc.ProviderPortal.CourseText.Web\Dfc.ProviderPortal.CourseText.Web.csproj", "{2B898FF3-18FA-455F-A747-5D8EF6DA0238}"
EndProject
Global
	GlobalSection(SolutionConfigurationPlatforms) = preSolution
		Debug|Any CPU = Debug|Any CPU
		Release|Any CPU = Release|Any CPU
	EndGlobalSection
	GlobalSection(ProjectConfigurationPlatforms) = postSolution
		{2B898FF3-18FA-455F-A747-5D8EF6DA0238}.Debug|Any CPU.ActiveCfg = Debug|Any CPU
		{2B898FF3-18FA-455F-A747-5D8EF6DA0238}.Debug|Any CPU.Build.0 = Debug|Any CPU
		{2B898FF3-18FA-455F-A747-5D8EF6DA0238}.Release|Any CPU.ActiveCfg = Release|Any CPU
		{2B898FF3-18FA-455F-A747-5D8EF6DA0238}.Release|Any CPU.Build.0 = Release|Any CPU
	EndGlobalSection
	GlobalSection(SolutionProperties) = preSolution
		HideSolutionNode = FALSE
	EndGlobalSection
	GlobalSection(ExtensibilityGlobals) = postSolution
		SolutionGuid = {E64FBC56-7030-4A4D-AAAA-D097206E2958}
	EndGlobalSection
EndGlobal
